# This file is autogenerated, do not edit; changes may be undone by the next 'dep ensure'.


[[projects]]
  name = "github.com/go-chi/chi"
  packages = [".","middleware"]
  revision = "ba73ba0623af32e4e5f09880177e73bd78d98852"
  version = "v3.2.0"

[[projects]]
  name = "github.com/go-chi/docgen"
  packages = ["."]
  revision = "ac43d9a63f3b58b1e82922411d2de365d896ee72"
  version = "v1.0.2"

[[projects]]
  name = "github.com/go-chi/render"
  packages = ["."]
  revision = "9f855fadd4b8cde7773f9ef51f6b2705af239519"
  version = "v1.0.0"

[[projects]]
  branch = "master"
  name = "github.com/lib/pq"
  packages = [".","oid"]
  revision = "e42267488fe361b9dc034be7a6bffef5b195bceb"

[[projects]]
  name = "github.com/pkg/errors"
  packages = ["."]
  revision = "645ef00459ed84a119197bfb8d8205042c6df63d"
  version = "v0.8.0"

[[projects]]
  branch = "master"
  name = "golang.org/x/crypto"
  packages = ["pbkdf2","scrypt"]
  revision = "eb71ad9bd329b5ac0fd0148dd99bd62e8be8e035"

[[projects]]
  name = "gopkg.in/dgrijalva/jwt-go.v3"
  packages = ["."]
  revision = "d2709f9f1f31ebcda9651b03077758c1f3a0018c"
  version = "v3.0.0"

[solve-meta]
  analyzer-name = "dep"
  analyzer-version = 1
  inputs-digest = "073ce076ac9f79c3374d31d2ff5dca2e67d33e6d0b486733c9e758d185c7ed6e"
  solver-name = "gps-cdcl"
  solver-version = 1
